
Microsoft Visual Studio Solution File, Format Version 12.00
# Visual Studio Version 17
VisualStudioVersion = 17.5.33516.290
MinimumVisualStudioVersion = 10.0.40219.1
Project("{9A19103F-16F7-4668-BE54-9A1E7A4F7556}") = "BookStoreWeb", "BookStoreWeb\BookStoreWeb.csproj", "{484F988E-8E45-410E-8823-56CCF03D45FD}"
EndProject
Project("{FAE04EC0-301F-11D3-BF4B-00C04F79EFBC}") = "BookStore.DataAcess", "BookStore.DataAcess\BookStore.DataAcess.csproj", "{3C3CC286-2FE8-4011-B6D5-208ECB50F6AE}"
EndProject
Project("{FAE04EC0-301F-11D3-BF4B-00C04F79EFBC}") = "BookStore.Models", "BookStore.Models\BookStore.Models.csproj", "{0A69774D-61C2-4D0C-BE60-30385F30FD21}"
EndProject
Project("{FAE04EC0-301F-11D3-BF4B-00C04F79EFBC}") = "BookStore.Utility", "BookStore.Utility\BookStore.Utility.csproj", "{DE4B4598-8D74-4E42-AF32-40AD8EC46648}"
EndProject
Global
	GlobalSection(SolutionConfigurationPlatforms) = preSolution
		Debug|Any CPU = Debug|Any CPU
		Release|Any CPU = Release|Any CPU
	EndGlobalSection
	GlobalSection(ProjectConfigurationPlatforms) = postSolution
		{484F988E-8E45-410E-8823-56CCF03D45FD}.Debug|Any CPU.ActiveCfg = Debug|Any CPU
		{484F988E-8E45-410E-8823-56CCF03D45FD}.Debug|Any CPU.Build.0 = Debug|Any CPU
		{484F988E-8E45-410E-8823-56CCF03D45FD}.Release|Any CPU.ActiveCfg = Release|Any CPU
		{484F988E-8E45-410E-8823-56CCF03D45FD}.Release|Any CPU.Build.0 = Release|Any CPU
		{3C3CC286-2FE8-4011-B6D5-208ECB50F6AE}.Debug|Any CPU.ActiveCfg = Debug|Any CPU
		{3C3CC286-2FE8-4011-B6D5-208ECB50F6AE}.Debug|Any CPU.Build.0 = Debug|Any CPU
		{3C3CC286-2FE8-4011-B6D5-208ECB50F6AE}.Release|Any CPU.ActiveCfg = Release|Any CPU
		{3C3CC286-2FE8-4011-B6D5-208ECB50F6AE}.Release|Any CPU.Build.0 = Release|Any CPU
		{0A69774D-61C2-4D0C-BE60-30385F30FD21}.Debug|Any CPU.ActiveCfg = Debug|Any CPU
		{0A69774D-61C2-4D0C-BE60-30385F30FD21}.Debug|Any CPU.Build.0 = Debug|Any CPU
		{0A69774D-61C2-4D0C-BE60-30385F30FD21}.Release|Any CPU.ActiveCfg = Release|Any CPU
		{0A69774D-61C2-4D0C-BE60-30385F30FD21}.Release|Any CPU.Build.0 = Release|Any CPU
		{DE4B4598-8D74-4E42-AF32-40AD8EC46648}.Debug|Any CPU.ActiveCfg = Debug|Any CPU
		{DE4B4598-8D74-4E42-AF32-40AD8EC46648}.Debug|Any CPU.Build.0 = Debug|Any CPU
		{DE4B4598-8D74-4E42-AF32-40AD8EC46648}.Release|Any CPU.ActiveCfg = Release|Any CPU
		{DE4B4598-8D74-4E42-AF32-40AD8EC46648}.Release|Any CPU.Build.0 = Release|Any CPU
	EndGlobalSection
	GlobalSection(SolutionProperties) = preSolution
		HideSolutionNode = FALSE
	EndGlobalSection
	GlobalSection(ExtensibilityGlobals) = postSolution
		SolutionGuid = {7055017A-5420-4DDF-9528-CF5B4DF508C9}
	EndGlobalSection
EndGlobal
